// !$*UTF8*$!
{
	archiveVersion = 1;
	classes = {
	};
	objectVersion = 55;
	objects = {

/* Begin PBXBuildFile section */
		31395880275C2C2E0082BE4C /* SwipeToDelete.swift in Sources */ = {isa = PBXBuildFile; fileRef = 3139587F275C2C2E0082BE4C /* SwipeToDelete.swift */; };
		31C1CCE22753150B0059D8E1 /* AppDelegate.swift in Sources */ = {isa = PBXBuildFile; fileRef = 31C1CCE12753150B0059D8E1 /* AppDelegate.swift */; };
		31C1CCE42753150B0059D8E1 /* SceneDelegate.swift in Sources */ = {isa = PBXBuildFile; fileRef = 31C1CCE32753150B0059D8E1 /* SceneDelegate.swift */; };
		31C1CCE62753150B0059D8E1 /* ItemsViewController.swift in Sources */ = {isa = PBXBuildFile; fileRef = 31C1CCE52753150B0059D8E1 /* ItemsViewController.swift */; };
		31C1CCE92753150B0059D8E1 /* Main.storyboard in Resources */ = {isa = PBXBuildFile; fileRef = 31C1CCE72753150B0059D8E1 /* Main.storyboard */; };
		31C1CCEB2753150B0059D8E1 /* Assets.xcassets in Resources */ = {isa = PBXBuildFile; fileRef = 31C1CCEA2753150B0059D8E1 /* Assets.xcassets */; };
		31C1CCEE2753150B0059D8E1 /* LaunchScreen.storyboard in Resources */ = {isa = PBXBuildFile; fileRef = 31C1CCEC2753150B0059D8E1 /* LaunchScreen.storyboard */; };
		31C1CCF627531E7D0059D8E1 /* Items.swift in Sources */ = {isa = PBXBuildFile; fileRef = 31C1CCF527531E7D0059D8E1 /* Items.swift */; };
		31C1CCFC27571AA70059D8E1 /* CategoryTableViewController.swift in Sources */ = {isa = PBXBuildFile; fileRef = 31C1CCFB27571AA70059D8E1 /* CategoryTableViewController.swift */; };
		31C1CCFE27571D510059D8E1 /* Category.swift in Sources */ = {isa = PBXBuildFile; fileRef = 31C1CCFD27571D510059D8E1 /* Category.swift */; };
		DF5AD6D1D2A50FEC80CCF6F3 /* Pods_MyTodo.framework in Frameworks */ = {isa = PBXBuildFile; fileRef = 1C5F235F4797D3F41B06B03A /* Pods_MyTodo.framework */; };
/* End PBXBuildFile section */

/* Begin PBXFileReference section */
		1C5F235F4797D3F41B06B03A /* Pods_MyTodo.framework */ = {isa = PBXFileReference; explicitFileType = wrapper.framework; includeInIndex = 0; path = Pods_MyTodo.framework; sourceTree = BUILT_PRODUCTS_DIR; };
		3139587F275C2C2E0082BE4C /* SwipeToDelete.swift */ = {isa = PBXFileReference; lastKnownFileType = sourcecode.swift; path = SwipeToDelete.swift; sourceTree = "<group>"; };
		31C1CCDE2753150B0059D8E1 /* MyTodo.app */ = {isa = PBXFileReference; explicitFileType = wrapper.application; includeInIndex = 0; path = MyTodo.app; sourceTree = BUILT_PRODUCTS_DIR; };
		31C1CCE12753150B0059D8E1 /* AppDelegate.swift */ = {isa = PBXFileReference; lastKnownFileType = sourcecode.swift; path = AppDelegate.swift; sourceTree = "<group>"; };
		31C1CCE32753150B0059D8E1 /* SceneDelegate.swift */ = {isa = PBXFileReference; lastKnownFileType = sourcecode.swift; path = SceneDelegate.swift; sourceTree = "<group>"; };
		31C1CCE52753150B0059D8E1 /* ItemsViewController.swift */ = {isa = PBXFileReference; lastKnownFileType = sourcecode.swift; path = ItemsViewController.swift; sourceTree = "<group>"; };
		31C1CCE82753150B0059D8E1 /* Base */ = {isa = PBXFileReference; lastKnownFileType = file.storyboard; name = Base; path = Base.lproj/Main.storyboard; sourceTree = "<group>"; };
		31C1CCEA2753150B0059D8E1 /* Assets.xcassets */ = {isa = PBXFileReference; lastKnownFileType = folder.assetcatalog; path = Assets.xcassets; sourceTree = "<group>"; };
		31C1CCED2753150B0059D8E1 /* Base */ = {isa = PBXFileReference; lastKnownFileType = file.storyboard; name = Base; path = Base.lproj/LaunchScreen.storyboard; sourceTree = "<group>"; };
		31C1CCEF2753150B0059D8E1 /* Info.plist */ = {isa = PBXFileReference; lastKnownFileType = text.plist.xml; path = Info.plist; sourceTree = "<group>"; };
		31C1CCF527531E7D0059D8E1 /* Items.swift */ = {isa = PBXFileReference; lastKnownFileType = sourcecode.swift; path = Items.swift; sourceTree = "<group>"; };
		31C1CCFB27571AA70059D8E1 /* CategoryTableViewController.swift */ = {isa = PBXFileReference; lastKnownFileType = sourcecode.swift; path = CategoryTableViewController.swift; sourceTree = "<group>"; };
		31C1CCFD27571D510059D8E1 /* Category.swift */ = {isa = PBXFileReference; lastKnownFileType = sourcecode.swift; path = Category.swift; sourceTree = "<group>"; };
		682305F931D6AFDA01C892D0 /* Pods-MyTodo.release.xcconfig */ = {isa = PBXFileReference; includeInIndex = 1; lastKnownFileType = text.xcconfig; name = "Pods-MyTodo.release.xcconfig"; path = "Target Support Files/Pods-MyTodo/Pods-MyTodo.release.xcconfig"; sourceTree = "<group>"; };
		9FEEEBABE0DA8D1FB6E8DB4D /* Pods-MyTodo.debug.xcconfig */ = {isa = PBXFileReference; includeInIndex = 1; lastKnownFileType = text.xcconfig; name = "Pods-MyTodo.debug.xcconfig"; path = "Target Support Files/Pods-MyTodo/Pods-MyTodo.debug.xcconfig"; sourceTree = "<group>"; };
/* End PBXFileReference section */

/* Begin PBXFrameworksBuildPhase section */
		31C1CCDB2753150B0059D8E1 /* Frameworks */ = {
			isa = PBXFrameworksBuildPhase;
			buildActionMask = 2147483647;
			files = (
				DF5AD6D1D2A50FEC80CCF6F3 /* Pods_MyTodo.framework in Frameworks */,
			);
			runOnlyForDeploymentPostprocessing = 0;
		};
/* End PBXFrameworksBuildPhase section */

/* Begin PBXGroup section */
		31C1CCD52753150B0059D8E1 = {
			isa = PBXGroup;
			children = (
				31C1CCE02753150B0059D8E1 /* MyTodo */,
				31C1CCDF2753150B0059D8E1 /* Products */,
				B1BD07B953B9FBE6D7D3F038 /* Pods */,
				DD3E331CCA5B616023424F00 /* Frameworks */,
			);
			sourceTree = "<group>";
		};
		31C1CCDF2753150B0059D8E1 /* Products */ = {
			isa = PBXGroup;
			children = (
				31C1CCDE2753150B0059D8E1 /* MyTodo.app */,
			);
			name = Products;
			sourceTree = "<group>";
		};
		31C1CCE02753150B0059D8E1 /* MyTodo */ = {
			isa = PBXGroup;
			children = (
				31C1CCE12753150B0059D8E1 /* AppDelegate.swift */,
				31C1CCE32753150B0059D8E1 /* SceneDelegate.swift */,
				31C1CCF7275707590059D8E1 /* Model */,
				31C1CCF92757079A0059D8E1 /* Controller */,
				31C1CCFA275707C70059D8E1 /* View */,
				31C1CCEA2753150B0059D8E1 /* Assets.xcassets */,
				31C1CCEC2753150B0059D8E1 /* LaunchScreen.storyboard */,
				31C1CCEF2753150B0059D8E1 /* Info.plist */,
			);
			path = MyTodo;
			sourceTree = "<group>";
		};
		31C1CCF7275707590059D8E1 /* Model */ = {
			isa = PBXGroup;
			children = (
				31C1CCFD27571D510059D8E1 /* Category.swift */,
				31C1CCF527531E7D0059D8E1 /* Items.swift */,
			);
			path = Model;
			sourceTree = "<group>";
		};
		31C1CCF92757079A0059D8E1 /* Controller */ = {
			isa = PBXGroup;
			children = (
				31C1CCFB27571AA70059D8E1 /* CategoryTableViewController.swift */,
				31C1CCE52753150B0059D8E1 /* ItemsViewController.swift */,
				3139587F275C2C2E0082BE4C /* SwipeToDelete.swift */,
			);
			name = Controller;
			path = ..;
			sourceTree = "<group>";
		};
		31C1CCFA275707C70059D8E1 /* View */ = {
			isa = PBXGroup;
			children = (
				31C1CCE72753150B0059D8E1 /* Main.storyboard */,
			);
			path = View;
			sourceTree = "<group>";
		};
		B1BD07B953B9FBE6D7D3F038 /* Pods */ = {
			isa = PBXGroup;
			children = (
				9FEEEBABE0DA8D1FB6E8DB4D /* Pods-MyTodo.debug.xcconfig */,
				682305F931D6AFDA01C892D0 /* Pods-MyTodo.release.xcconfig */,
			);
			path = Pods;
			sourceTree = "<group>";
		};
		DD3E331CCA5B616023424F00 /* Frameworks */ = {
			isa = PBXGroup;
			children = (
				1C5F235F4797D3F41B06B03A /* Pods_MyTodo.framework */,
			);
			name = Frameworks;
			sourceTree = "<group>";
		};
/* End PBXGroup section */

/* Begin PBXNativeTarget section */
		31C1CCDD2753150B0059D8E1 /* MyTodo */ = {
			isa = PBXNativeTarget;
			buildConfigurationList = 31C1CCF22753150B0059D8E1 /* Build configuration list for PBXNativeTarget "MyTodo" */;
			buildPhases = (
				EFC11CD1E7E1988DA5667502 /* [CP] Check Pods Manifest.lock */,
				31C1CCDA2753150B0059D8E1 /* Sources */,
				31C1CCDB2753150B0059D8E1 /* Frameworks */,
				31C1CCDC2753150B0059D8E1 /* Resources */,
				ECBAF84BFAD878048EFE7F49 /* [CP] Embed Pods Frameworks */,
			);
			buildRules = (
			);
			dependencies = (
			);
			name = MyTodo;
			productName = MyTodo;
			productReference = 31C1CCDE2753150B0059D8E1 /* MyTodo.app */;
			productType = "com.apple.product-type.application";
		};
/* End PBXNativeTarget section */

/* Begin PBXProject section */
		31C1CCD62753150B0059D8E1 /* Project object */ = {
			isa = PBXProject;
			attributes = {
				BuildIndependentTargetsInParallel = 1;
				LastSwiftUpdateCheck = 1310;
				LastUpgradeCheck = 1310;
				TargetAttributes = {
					31C1CCDD2753150B0059D8E1 = {
						CreatedOnToolsVersion = 13.1;
					};
				};
			};
			buildConfigurationList = 31C1CCD92753150B0059D8E1 /* Build configuration list for PBXProject "MyTodo" */;
			compatibilityVersion = "Xcode 13.0";
			developmentRegion = en;
			hasScannedForEncodings = 0;
			knownRegions = (
				en,
				Base,
			);
			mainGroup = 31C1CCD52753150B0059D8E1;
			productRefGroup = 31C1CCDF2753150B0059D8E1 /* Products */;
			projectDirPath = "";
			projectRoot = "";
			targets = (
				31C1CCDD2753150B0059D8E1 /* MyTodo */,
			);
		};
/* End PBXProject section */

/* Begin PBXResourcesBuildPhase section */
		31C1CCDC2753150B0059D8E1 /* Resources */ = {
			isa = PBXResourcesBuildPhase;
			buildActionMask = 2147483647;
			files = (
				31C1CCEE2753150B0059D8E1 /* LaunchScreen.storyboard in Resources */,
				31C1CCEB2753150B0059D8E1 /* Assets.xcassets in Resources */,
				31C1CCE92753150B0059D8E1 /* Main.storyboard in Resources */,
			);
			runOnlyForDeploymentPostprocessing = 0;
		};
/* End PBXResourcesBuildPhase section */

/* Begin PBXShellScriptBuildPhase section */
		ECBAF84BFAD878048EFE7F49 /* [CP] Embed Pods Frameworks */ = {
			isa = PBXShellScriptBuildPhase;
			buildActionMask = 2147483647;
			files = (
			);
			inputFileListPaths = (
				"${PODS_ROOT}/Target Support Files/Pods-MyTodo/Pods-MyTodo-frameworks-${CONFIGURATION}-input-files.xcfilelist",
			);
			name = "[CP] Embed Pods Frameworks";
			outputFileListPaths = (
				"${PODS_ROOT}/Target Support Files/Pods-MyTodo/Pods-MyTodo-frameworks-${CONFIGURATION}-output-files.xcfilelist",
			);
			runOnlyForDeploymentPostprocessing = 0;
			shellPath = /bin/sh;
			shellScript = "\"${PODS_ROOT}/Target Support Files/Pods-MyTodo/Pods-MyTodo-frameworks.sh\"\n";
			showEnvVarsInLog = 0;
		};
		EFC11CD1E7E1988DA5667502 /* [CP] Check Pods Manifest.lock */ = {
			isa = PBXShellScriptBuildPhase;
			buildActionMask = 2147483647;
			files = (
			);
			inputFileListPaths = (
			);
			inputPaths = (
				"${PODS_PODFILE_DIR_PATH}/Podfile.lock",
				"${PODS_ROOT}/Manifest.lock",
			);
			name = "[CP] Check Pods Manifest.lock";
			outputFileListPaths = (
			);
			outputPaths = (
				"$(DERIVED_FILE_DIR)/Pods-MyTodo-checkManifestLockResult.txt",
			);
			runOnlyForDeploymentPostprocessing = 0;
			shellPath = /bin/sh;
			shellScript = "diff \"${PODS_PODFILE_DIR_PATH}/Podfile.lock\" \"${PODS_ROOT}/Manifest.lock\" > /dev/null\nif [ $? != 0 ] ; then\n    # print error to STDERR\n    echo \"error: The sandbox is not in sync with the Podfile.lock. Run 'pod install' or update your CocoaPods installation.\" >&2\n    exit 1\nfi\n# This output is used by Xcode 'outputs' to avoid re-running this script phase.\necho \"SUCCESS\" > \"${SCRIPT_OUTPUT_FILE_0}\"\n";
			showEnvVarsInLog = 0;
		};
/* End PBXShellScriptBuildPhase section */

/* Begin PBXSourcesBuildPhase section */
		31C1CCDA2753150B0059D8E1 /* Sources */ = {
			isa = PBXSourcesBuildPhase;
			buildActionMask = 2147483647;
			files = (
				31C1CCF627531E7D0059D8E1 /* Items.swift in Sources */,
				31C1CCE62753150B0059D8E1 /* ItemsViewController.swift in Sources */,
				31C1CCFC27571AA70059D8E1 /* CategoryTableViewController.swift in Sources */,
				31C1CCE22753150B0059D8E1 /* AppDelegate.swift in Sources */,
				31C1CCE42753150B0059D8E1 /* SceneDelegate.swift in Sources */,
				31C1CCFE27571D510059D8E1 /* Category.swift in Sources */,
				31395880275C2C2E0082BE4C /* SwipeToDelete.swift in Sources */,
			);
			runOnlyForDeploymentPostprocessing = 0;
		};
/* End PBXSourcesBuildPhase section */

/* Begin PBXVariantGroup section */
		31C1CCE72753150B0059D8E1 /* Main.storyboard */ = {
			isa = PBXVariantGroup;
			children = (
				31C1CCE82753150B0059D8E1 /* Base */,
			);
			name = Main.storyboard;
			sourceTree = "<group>";
		};
		31C1CCEC2753150B0059D8E1 /* LaunchScreen.storyboard */ = {
			isa = PBXVariantGroup;
			children = (
				31C1CCED2753150B0059D8E1 /* Base */,
			);
			name = LaunchScreen.storyboard;
			sourceTree = "<group>";
		};
/* End PBXVariantGroup section */

/* Begin XCBuildConfiguration section */
		31C1CCF02753150B0059D8E1 /* Debug */ = {
			isa = XCBuildConfiguration;
			buildSettings = {
				ALWAYS_SEARCH_USER_PATHS = NO;
				CLANG_ANALYZER_NONNULL = YES;
				CLANG_ANALYZER_NUMBER_OBJECT_CONVERSION = YES_AGGRESSIVE;
				CLANG_CXX_LANGUAGE_STANDARD = "gnu++17";
				CLANG_CXX_LIBRARY = "libc++";
				CLANG_ENABLE_MODULES = YES;
				CLANG_ENABLE_OBJC_ARC = YES;
				CLANG_ENABLE_OBJC_WEAK = YES;
				CLANG_WARN_BLOCK_CAPTURE_AUTORELEASING = YES;
				CLANG_WARN_BOOL_CONVERSION = YES;
				CLANG_WARN_COMMA = YES;
				CLANG_WARN_CONSTANT_CONVERSION = YES;
				CLANG_WARN_DEPRECATED_OBJC_IMPLEMENTATIONS = YES;
				CLANG_WARN_DIRECT_OBJC_ISA_USAGE = YES_ERROR;
				CLANG_WARN_DOCUMENTATION_COMMENTS = YES;
				CLANG_WARN_EMPTY_BODY = YES;
				CLANG_WARN_ENUM_CONVERSION = YES;
				CLANG_WARN_INFINITE_RECURSION = YES;
				CLANG_WARN_INT_CONVERSION = YES;
				CLANG_WARN_NON_LITERAL_NULL_CONVERSION = YES;
				CLANG_WARN_OBJC_IMPLICIT_RETAIN_SELF = YES;
				CLANG_WARN_OBJC_LITERAL_CONVERSION = YES;
				CLANG_WARN_OBJC_ROOT_CLASS = YES_ERROR;
				CLANG_WARN_QUOTED_INCLUDE_IN_FRAMEWORK_HEADER = YES;
				CLANG_WARN_RANGE_LOOP_ANALYSIS = YES;
				CLANG_WARN_STRICT_PROTOTYPES = YES;
				CLANG_WARN_SUSPICIOUS_MOVE = YES;
				CLANG_WARN_UNGUARDED_AVAILABILITY = YES_AGGRESSIVE;
				CLANG_WARN_UNREACHABLE_CODE = YES;
				CLANG_WARN__DUPLICATE_METHOD_MATCH = YES;
				COPY_PHASE_STRIP = NO;
				DEBUG_INFORMATION_FORMAT = dwarf;
				ENABLE_STRICT_OBJC_MSGSEND = YES;
				ENABLE_TESTABILITY = YES;
				GCC_C_LANGUAGE_STANDARD = gnu11;
				GCC_DYNAMIC_NO_PIC = NO;
				GCC_NO_COMMON_BLOCKS = YES;
				GCC_OPTIMIZATION_LEVEL = 0;
				GCC_PREPROCESSOR_DEFINITIONS = (
					"DEBUG=1",
					"$(inherited)",
				);
				GCC_WARN_64_TO_32_BIT_CONVERSION = YES;
				GCC_WARN_ABOUT_RETURN_TYPE = YES_ERROR;
				GCC_WARN_UNDECLARED_SELECTOR = YES;
				GCC_WARN_UNINITIALIZED_AUTOS = YES_AGGRESSIVE;
				GCC_WARN_UNUSED_FUNCTION = YES;
				GCC_WARN_UNUSED_VARIABLE = YES;
				IPHONEOS_DEPLOYMENT_TARGET = 15.0;
				MTL_ENABLE_DEBUG_INFO = INCLUDE_SOURCE;
				MTL_FAST_MATH = YES;
				ONLY_ACTIVE_ARCH = YES;
				SDKROOT = iphoneos;
				SWIFT_ACTIVE_COMPILATION_CONDITIONS = DEBUG;
				SWIFT_OPTIMIZATION_LEVEL = "-Onone";
			};
			name = Debug;
		};
		31C1CCF12753150B0059D8E1 /* Release */ = {
			isa = XCBuildConfiguration;
			buildSettings = {
				ALWAYS_SEARCH_USER_PATHS = NO;
				CLANG_ANALYZER_NONNULL = YES;
				CLANG_ANALYZER_NUMBER_OBJECT_CONVERSION = YES_AGGRESSIVE;
				CLANG_CXX_LANGUAGE_STANDARD = "gnu++17";
				CLANG_CXX_LIBRARY = "libc++";
				CLANG_ENABLE_MODULES = YES;
				CLANG_ENABLE_OBJC_ARC = YES;
				CLANG_ENABLE_OBJC_WEAK = YES;
				CLANG_WARN_BLOCK_CAPTURE_AUTORELEASING = YES;
				CLANG_WARN_BOOL_CONVERSION = YES;
				CLANG_WARN_COMMA = YES;
				CLANG_WARN_CONSTANT_CONVERSION = YES;
				CLANG_WARN_DEPRECATED_OBJC_IMPLEMENTATIONS = YES;
				CLANG_WARN_DIRECT_OBJC_ISA_USAGE = YES_ERROR;
				CLANG_WARN_DOCUMENTATION_COMMENTS = YES;
				CLANG_WARN_EMPTY_BODY = YES;
				CLANG_WARN_ENUM_CONVERSION = YES;
				CLANG_WARN_INFINITE_RECURSION = YES;
				CLANG_WARN_INT_CONVERSION = YES;
				CLANG_WARN_NON_LITERAL_NULL_CONVERSION = YES;
				CLANG_WARN_OBJC_IMPLICIT_RETAIN_SELF = YES;
				CLANG_WARN_OBJC_LITERAL_CONVERSION = YES;
				CLANG_WARN_OBJC_ROOT_CLASS = YES_ERROR;
				CLANG_WARN_QUOTED_INCLUDE_IN_FRAMEWORK_HEADER = YES;
				CLANG_WARN_RANGE_LOOP_ANALYSIS = YES;
				CLANG_WARN_STRICT_PROTOTYPES = YES;
				CLANG_WARN_SUSPICIOUS_MOVE = YES;
				CLANG_WARN_UNGUARDED_AVAILABILITY = YES_AGGRESSIVE;
				CLANG_WARN_UNREACHABLE_CODE = YES;
				CLANG_WARN__DUPLICATE_METHOD_MATCH = YES;
				COPY_PHASE_STRIP = NO;
				DEBUG_INFORMATION_FORMAT = "dwarf-with-dsym";
				ENABLE_NS_ASSERTIONS = NO;
				ENABLE_STRICT_OBJC_MSGSEND = YES;
				GCC_C_LANGUAGE_STANDARD = gnu11;
				GCC_NO_COMMON_BLOCKS = YES;
				GCC_WARN_64_TO_32_BIT_CONVERSION = YES;
				GCC_WARN_ABOUT_RETURN_TYPE = YES_ERROR;
				GCC_WARN_UNDECLARED_SELECTOR = YES;
				GCC_WARN_UNINITIALIZED_AUTOS = YES_AGGRESSIVE;
				GCC_WARN_UNUSED_FUNCTION = YES;
				GCC_WARN_UNUSED_VARIABLE = YES;
				IPHONEOS_DEPLOYMENT_TARGET = 15.0;
				MTL_ENABLE_DEBUG_INFO = NO;
				MTL_FAST_MATH = YES;
				SDKROOT = iphoneos;
				SWIFT_COMPILATION_MODE = wholemodule;
				SWIFT_OPTIMIZATION_LEVEL = "-O";
				VALIDATE_PRODUCT = YES;
			};
			name = Release;
		};
		31C1CCF32753150B0059D8E1 /* Debug */ = {
			isa = XCBuildConfiguration;
			baseConfigurationReference = 9FEEEBABE0DA8D1FB6E8DB4D /* Pods-MyTodo.debug.xcconfig */;
			buildSettings = {
				ASSETCATALOG_COMPILER_APPICON_NAME = AppIcon;
				ASSETCATALOG_COMPILER_GLOBAL_ACCENT_COLOR_NAME = AccentColor;
				CODE_SIGN_STYLE = Automatic;
				CURRENT_PROJECT_VERSION = 1;
				DEVELOPMENT_TEAM = 7HSG94ANS5;
				GENERATE_INFOPLIST_FILE = YES;
				INFOPLIST_FILE = MyTodo/Info.plist;
				INFOPLIST_KEY_UIApplicationSupportsIndirectInputEvents = YES;
				INFOPLIST_KEY_UILaunchStoryboardName = LaunchScreen;
				INFOPLIST_KEY_UIMainStoryboardFile = Main;
				INFOPLIST_KEY_UISupportedInterfaceOrientations_iPad = "UIInterfaceOrientationPortrait UIInterfaceOrientationPortraitUpsideDown UIInterfaceOrientationLandscapeLeft UIInterfaceOrientationLandscapeRight";
				INFOPLIST_KEY_UISupportedInterfaceOrientations_iPhone = "UIInterfaceOrientationPortrait UIInterfaceOrientationLandscapeLeft UIInterfaceOrientationLandscapeRight";
				LD_RUNPATH_SEARCH_PATHS = (
					"$(inherited)",
					"@executable_path/Frameworks",
				);
				MARKETING_VERSION = 1.0;
				PRODUCT_BUNDLE_IDENTIFIER = com.URChurch.MyTodo;
				PRODUCT_NAME = "$(TARGET_NAME)";
				SWIFT_EMIT_LOC_STRINGS = YES;
				SWIFT_VERSION = 5.0;
				TARGETED_DEVICE_FAMILY = "1,2";
			};
			name = Debug;
		};
		31C1CCF42753150B0059D8E1 /* Release */ = {
			isa = XCBuildConfiguration;
			baseConfigurationReference = 682305F931D6AFDA01C892D0 /* Pods-MyTodo.release.xcconfig */;
			buildSettings = {
				ASSETCATALOG_COMPILER_APPICON_NAME = AppIcon;
				ASSETCATALOG_COMPILER_GLOBAL_ACCENT_COLOR_NAME = AccentColor;
				CODE_SIGN_STYLE = Automatic;
				CURRENT_PROJECT_VERSION = 1;
				DEVELOPMENT_TEAM = 7HSG94ANS5;
				GENERATE_INFOPLIST_FILE = YES;
				INFOPLIST_FILE = MyTodo/Info.plist;
				INFOPLIST_KEY_UIApplicationSupportsIndirectInputEvents = YES;
				INFOPLIST_KEY_UILaunchStoryboardName = LaunchScreen;
				INFOPLIST_KEY_UIMainStoryboardFile = Main;
				INFOPLIST_KEY_UISupportedInterfaceOrientations_iPad = "UIInterfaceOrientationPortrait UIInterfaceOrientationPortraitUpsideDown UIInterfaceOrientationLandscapeLeft UIInterfaceOrientationLandscapeRight";
				INFOPLIST_KEY_UISupportedInterfaceOrientations_iPhone = "UIInterfaceOrientationPortrait UIInterfaceOrientationLandscapeLeft UIInterfaceOrientationLandscapeRight";
				LD_RUNPATH_SEARCH_PATHS = (
					"$(inherited)",
					"@executable_path/Frameworks",
				);
				MARKETING_VERSION = 1.0;
				PRODUCT_BUNDLE_IDENTIFIER = com.URChurch.MyTodo;
				PRODUCT_NAME = "$(TARGET_NAME)";
				SWIFT_EMIT_LOC_STRINGS = YES;
				SWIFT_VERSION = 5.0;
				TARGETED_DEVICE_FAMILY = "1,2";
			};
			name = Release;
		};
/* End XCBuildConfiguration section */

/* Begin XCConfigurationList section */
		31C1CCD92753150B0059D8E1 /* Build configuration list for PBXProject "MyTodo" */ = {
			isa = XCConfigurationList;
			buildConfigurations = (
				31C1CCF02753150B0059D8E1 /* Debug */,
				31C1CCF12753150B0059D8E1 /* Release */,
			);
			defaultConfigurationIsVisible = 0;
			defaultConfigurationName = Release;
		};
		31C1CCF22753150B0059D8E1 /* Build configuration list for PBXNativeTarget "MyTodo" */ = {
			isa = XCConfigurationList;
			buildConfigurations = (
				31C1CCF32753150B0059D8E1 /* Debug */,
				31C1CCF42753150B0059D8E1 /* Release */,
			);
			defaultConfigurationIsVisible = 0;
			defaultConfigurationName = Release;
		};
/* End XCConfigurationList section */
	};
	rootObject = 31C1CCD62753150B0059D8E1 /* Project object */;
}
